
Microsoft Visual Studio Solution File, Format Version 12.00
# Visual Studio Version 17
VisualStudioVersion = 17.5.002.0
MinimumVisualStudioVersion = 10.0.40219.1
Project("{9A19103F-16F7-4668-BE54-9A1E7A4F7556}") = "PolyhydraGames.Twitch.Test", "PolyhydraGames.Twitch.Test\PolyhydraGames.Twitch.Test.csproj", "{76906B88-8EC5-434B-B888-E275AA4E724E}"
EndProject
Project("{9A19103F-16F7-4668-BE54-9A1E7A4F7556}") = "PolyhydraGames.Twitch", "PolyhydraGames.Twitch\PolyhydraGames.Twitch.csproj", "{6FA33A46-ACCC-4F4D-AE5D-2F08E490D453}"
EndProject
Global
	GlobalSection(SolutionConfigurationPlatforms) = preSolution
		Debug|Any CPU = Debug|Any CPU
		Release|Any CPU = Release|Any CPU
	EndGlobalSection
	GlobalSection(ProjectConfigurationPlatforms) = postSolution
		{76906B88-8EC5-434B-B888-E275AA4E724E}.Debug|Any CPU.ActiveCfg = Debug|Any CPU
		{76906B88-8EC5-434B-B888-E275AA4E724E}.Debug|Any CPU.Build.0 = Debug|Any CPU
		{76906B88-8EC5-434B-B888-E275AA4E724E}.Release|Any CPU.ActiveCfg = Release|Any CPU
		{76906B88-8EC5-434B-B888-E275AA4E724E}.Release|Any CPU.Build.0 = Release|Any CPU
		{6FA33A46-ACCC-4F4D-AE5D-2F08E490D453}.Debug|Any CPU.ActiveCfg = Debug|Any CPU
		{6FA33A46-ACCC-4F4D-AE5D-2F08E490D453}.Debug|Any CPU.Build.0 = Debug|Any CPU
		{6FA33A46-ACCC-4F4D-AE5D-2F08E490D453}.Release|Any CPU.ActiveCfg = Release|Any CPU
		{6FA33A46-ACCC-4F4D-AE5D-2F08E490D453}.Release|Any CPU.Build.0 = Release|Any CPU
	EndGlobalSection
	GlobalSection(SolutionProperties) = preSolution
		HideSolutionNode = FALSE
	EndGlobalSection
	GlobalSection(ExtensibilityGlobals) = postSolution
		SolutionGuid = {72C66D7F-19CD-4F7A-92AE-CD565D1AD95F}
	EndGlobalSection
EndGlobal
